// !$*UTF8*$!
{
	archiveVersion = 1;
	classes = {
	};
	objectVersion = 51;
	objects = {

/* Begin PBXBuildFile section */
		100D6A9869D469367F497A92 /* Pods_MyEmployeesTests.framework in Frameworks */ = {isa = PBXBuildFile; fileRef = D9D11D3D6CDF70C66F7D885A /* Pods_MyEmployeesTests.framework */; };
		8BB69556CF34C31DE894205D /* Pods_MyEmployees.framework in Frameworks */ = {isa = PBXBuildFile; fileRef = 4F11C8509120E234C8CEB0A6 /* Pods_MyEmployees.framework */; };
		B028042B250126CB0011E5B2 /* UIBarButtonItemExtensions.swift in Sources */ = {isa = PBXBuildFile; fileRef = B028042A250126CB0011E5B2 /* UIBarButtonItemExtensions.swift */; };
		B028042D250127FF0011E5B2 /* EmployeeDao.swift in Sources */ = {isa = PBXBuildFile; fileRef = B028042C250127FF0011E5B2 /* EmployeeDao.swift */; };
		B0368B2B24F4DEDD00FBD07A /* FileHelper.swift in Sources */ = {isa = PBXBuildFile; fileRef = B0368B2A24F4DEDD00FBD07A /* FileHelper.swift */; };
		B0454D2D24FE76AD00BCB557 /* SplashscreenView.swift in Sources */ = {isa = PBXBuildFile; fileRef = B0454D2C24FE76AD00BCB557 /* SplashscreenView.swift */; };
		B0454D2F24FE79E900BCB557 /* SplashscreenView.xib in Resources */ = {isa = PBXBuildFile; fileRef = B0454D2E24FE79E900BCB557 /* SplashscreenView.xib */; };
		B0454D3924FE8E7500BCB557 /* LoginView.xib in Resources */ = {isa = PBXBuildFile; fileRef = B0454D3824FE8E7500BCB557 /* LoginView.xib */; };
		B0454D3B24FE8E9200BCB557 /* LoginView.swift in Sources */ = {isa = PBXBuildFile; fileRef = B0454D3A24FE8E9200BCB557 /* LoginView.swift */; };
		B0454D3E24FEA4B100BCB557 /* CompanyView.swift in Sources */ = {isa = PBXBuildFile; fileRef = B0454D3D24FEA4B100BCB557 /* CompanyView.swift */; };
		B0454D4024FEA4BC00BCB557 /* CompanyView.xib in Resources */ = {isa = PBXBuildFile; fileRef = B0454D3F24FEA4BC00BCB557 /* CompanyView.xib */; };
		B063789524F7B9B4001BE75A /* EmployeeListController.swift in Sources */ = {isa = PBXBuildFile; fileRef = B063789324F7B9B4001BE75A /* EmployeeListController.swift */; };
		B082B2E624F3E9C5005A1771 /* Strings.swift in Sources */ = {isa = PBXBuildFile; fileRef = B082B2E524F3E9C5005A1771 /* Strings.swift */; };
		B08BBF4524EF79FD00835AF0 /* AppDelegate.swift in Sources */ = {isa = PBXBuildFile; fileRef = B08BBF4424EF79FD00835AF0 /* AppDelegate.swift */; };
		B08BBF4724EF79FD00835AF0 /* SceneDelegate.swift in Sources */ = {isa = PBXBuildFile; fileRef = B08BBF4624EF79FD00835AF0 /* SceneDelegate.swift */; };
		B08BBF4924EF79FD00835AF0 /* WelcomeScreenController.swift in Sources */ = {isa = PBXBuildFile; fileRef = B08BBF4824EF79FD00835AF0 /* WelcomeScreenController.swift */; };
		B08BBF4C24EF79FD00835AF0 /* Main.storyboard in Resources */ = {isa = PBXBuildFile; fileRef = B08BBF4A24EF79FD00835AF0 /* Main.storyboard */; };
		B08BBF4E24EF7A0100835AF0 /* Assets.xcassets in Resources */ = {isa = PBXBuildFile; fileRef = B08BBF4D24EF7A0100835AF0 /* Assets.xcassets */; };
		B08BBF5124EF7A0100835AF0 /* LaunchScreen.storyboard in Resources */ = {isa = PBXBuildFile; fileRef = B08BBF4F24EF7A0100835AF0 /* LaunchScreen.storyboard */; };
		B08BBF5C24EF7A0200835AF0 /* MyEmployeesTests.swift in Sources */ = {isa = PBXBuildFile; fileRef = B08BBF5B24EF7A0200835AF0 /* MyEmployeesTests.swift */; };
		B08BBF6724EF7A0200835AF0 /* MyEmployeesUITests.swift in Sources */ = {isa = PBXBuildFile; fileRef = B08BBF6624EF7A0200835AF0 /* MyEmployeesUITests.swift */; };
		B08BBF7924EF7D9F00835AF0 /* SplashscreenController.swift in Sources */ = {isa = PBXBuildFile; fileRef = B08BBF7724EF7D9F00835AF0 /* SplashscreenController.swift */; };
		B08BBF8224EF804500835AF0 /* LoginController.swift in Sources */ = {isa = PBXBuildFile; fileRef = B08BBF8024EF804500835AF0 /* LoginController.swift */; };
		B08BBF8924EFAEFA00835AF0 /* CompanyRegistrationController.swift in Sources */ = {isa = PBXBuildFile; fileRef = B08BBF8724EFAEFA00835AF0 /* CompanyRegistrationController.swift */; };
		B08BBF8D24EFB02B00835AF0 /* DatabaseHelper.swift in Sources */ = {isa = PBXBuildFile; fileRef = B08BBF8C24EFB02B00835AF0 /* DatabaseHelper.swift */; };
		B095798924FB95D000DE63D3 /* Company.swift in Sources */ = {isa = PBXBuildFile; fileRef = B095798824FB95D000DE63D3 /* Company.swift */; };
		B095798B24FBA0FF00DE63D3 /* LoginService.swift in Sources */ = {isa = PBXBuildFile; fileRef = B095798A24FBA0FF00DE63D3 /* LoginService.swift */; };
		B095798D24FBA5E000DE63D3 /* CompanyRegistrationService.swift in Sources */ = {isa = PBXBuildFile; fileRef = B095798C24FBA5E000DE63D3 /* CompanyRegistrationService.swift */; };
		B0978B6125009CE000FC0C53 /* Employee.swift in Sources */ = {isa = PBXBuildFile; fileRef = B0978B6025009CE000FC0C53 /* Employee.swift */; };
		B0978B6425009E0F00FC0C53 /* CompanyDao.swift in Sources */ = {isa = PBXBuildFile; fileRef = B0978B6325009E0F00FC0C53 /* CompanyDao.swift */; };
		B0BB09F324FF1D480083D676 /* UIProgressViewExtensions.swift in Sources */ = {isa = PBXBuildFile; fileRef = B0BB09F224FF1D480083D676 /* UIProgressViewExtensions.swift */; };
		B0BB09F524FF1D770083D676 /* UIViewControllerExtensions.swift in Sources */ = {isa = PBXBuildFile; fileRef = B0BB09F424FF1D770083D676 /* UIViewControllerExtensions.swift */; };
		B0BB09F724FF1DA30083D676 /* UITextViewExtensions.swift in Sources */ = {isa = PBXBuildFile; fileRef = B0BB09F624FF1DA30083D676 /* UITextViewExtensions.swift */; };
		B0BB09F924FF1DC20083D676 /* UITextFieldExtensions.swift in Sources */ = {isa = PBXBuildFile; fileRef = B0BB09F824FF1DC20083D676 /* UITextFieldExtensions.swift */; };
		B0BB09FB24FF1DDA0083D676 /* UIImageExtensions.swift in Sources */ = {isa = PBXBuildFile; fileRef = B0BB09FA24FF1DDA0083D676 /* UIImageExtensions.swift */; };
		B0BB09FD24FF1E160083D676 /* DataExtensions.swift in Sources */ = {isa = PBXBuildFile; fileRef = B0BB09FC24FF1E160083D676 /* DataExtensions.swift */; };
		B0BB09FF24FF1E300083D676 /* StringExtensions.swift in Sources */ = {isa = PBXBuildFile; fileRef = B0BB09FE24FF1E300083D676 /* StringExtensions.swift */; };
		B0BB0A0124FF1E4C0083D676 /* UserDefaultsExtensions.swift in Sources */ = {isa = PBXBuildFile; fileRef = B0BB0A0024FF1E4C0083D676 /* UserDefaultsExtensions.swift */; };
		B0C574CE24FF9169003612E7 /* CompanyUpdateController.swift in Sources */ = {isa = PBXBuildFile; fileRef = B0C574CD24FF9169003612E7 /* CompanyUpdateController.swift */; };
		B0C574D124FFC710003612E7 /* EmployeeListView.swift in Sources */ = {isa = PBXBuildFile; fileRef = B0C574D024FFC710003612E7 /* EmployeeListView.swift */; };
		B0C574D324FFC74D003612E7 /* EmployeeListView.xib in Resources */ = {isa = PBXBuildFile; fileRef = B0C574D224FFC74D003612E7 /* EmployeeListView.xib */; };
		B0C574D724FFCE79003612E7 /* EmployeeCell.swift in Sources */ = {isa = PBXBuildFile; fileRef = B0C574D524FFCE79003612E7 /* EmployeeCell.swift */; };
		B0C574D824FFCE79003612E7 /* EmployeeCell.xib in Resources */ = {isa = PBXBuildFile; fileRef = B0C574D624FFCE79003612E7 /* EmployeeCell.xib */; };
		B0C574DC24FFE2CD003612E7 /* EmployeeFilterView.swift in Sources */ = {isa = PBXBuildFile; fileRef = B0C574DB24FFE2CD003612E7 /* EmployeeFilterView.swift */; };
		B0C574DE24FFE319003612E7 /* EmployeeFilterView.xib in Resources */ = {isa = PBXBuildFile; fileRef = B0C574DD24FFE319003612E7 /* EmployeeFilterView.xib */; };
		B0C574E124FFE77B003612E7 /* EmployeeFilterController.swift in Sources */ = {isa = PBXBuildFile; fileRef = B0C574E024FFE77B003612E7 /* EmployeeFilterController.swift */; };
		B0C574E324FFEF46003612E7 /* EmployeeFormView.swift in Sources */ = {isa = PBXBuildFile; fileRef = B0C574E224FFEF46003612E7 /* EmployeeFormView.swift */; };
		B0C574E624FFEF68003612E7 /* EmployeeFormView.xib in Resources */ = {isa = PBXBuildFile; fileRef = B0C574E524FFEF68003612E7 /* EmployeeFormView.xib */; };
		B0C574E924FFEFED003612E7 /* EmployeeFormController.swift in Sources */ = {isa = PBXBuildFile; fileRef = B0C574E824FFEFED003612E7 /* EmployeeFormController.swift */; };
		B0C576522501101E0027B526 /* EmployeePosition.swift in Sources */ = {isa = PBXBuildFile; fileRef = B0C576512501101E0027B526 /* EmployeePosition.swift */; };
		EBE348361A9E57C970788FC2 /* Pods_MyEmployees_MyEmployeesUITests.framework in Frameworks */ = {isa = PBXBuildFile; fileRef = 1818E642EF98D8BC4840183E /* Pods_MyEmployees_MyEmployeesUITests.framework */; };
/* End PBXBuildFile section */

/* Begin PBXContainerItemProxy section */
		B08BBF5824EF7A0200835AF0 /* PBXContainerItemProxy */ = {
			isa = PBXContainerItemProxy;
			containerPortal = B08BBF3924EF79FD00835AF0 /* Project object */;
			proxyType = 1;
			remoteGlobalIDString = B08BBF4024EF79FD00835AF0;
			remoteInfo = MyEmployees;
		};
		B08BBF6324EF7A0200835AF0 /* PBXContainerItemProxy */ = {
			isa = PBXContainerItemProxy;
			containerPortal = B08BBF3924EF79FD00835AF0 /* Project object */;
			proxyType = 1;
			remoteGlobalIDString = B08BBF4024EF79FD00835AF0;
			remoteInfo = MyEmployees;
		};
/* End PBXContainerItemProxy section */

/* Begin PBXFileReference section */
		1818E642EF98D8BC4840183E /* Pods_MyEmployees_MyEmployeesUITests.framework */ = {isa = PBXFileReference; explicitFileType = wrapper.framework; includeInIndex = 0; path = Pods_MyEmployees_MyEmployeesUITests.framework; sourceTree = BUILT_PRODUCTS_DIR; };
		4AAE5CC7E3B0791801A977FF /* Pods-MyEmployees.release.xcconfig */ = {isa = PBXFileReference; includeInIndex = 1; lastKnownFileType = text.xcconfig; name = "Pods-MyEmployees.release.xcconfig"; path = "Target Support Files/Pods-MyEmployees/Pods-MyEmployees.release.xcconfig"; sourceTree = "<group>"; };
		4F11C8509120E234C8CEB0A6 /* Pods_MyEmployees.framework */ = {isa = PBXFileReference; explicitFileType = wrapper.framework; includeInIndex = 0; path = Pods_MyEmployees.framework; sourceTree = BUILT_PRODUCTS_DIR; };
		60BC5534A3161889F4D3EBCE /* Pods-MyEmployees-MyEmployeesUITests.debug.xcconfig */ = {isa = PBXFileReference; includeInIndex = 1; lastKnownFileType = text.xcconfig; name = "Pods-MyEmployees-MyEmployeesUITests.debug.xcconfig"; path = "Target Support Files/Pods-MyEmployees-MyEmployeesUITests/Pods-MyEmployees-MyEmployeesUITests.debug.xcconfig"; sourceTree = "<group>"; };
		718B4696E8B6C3D3B3B488E5 /* Pods-MyEmployees.debug.xcconfig */ = {isa = PBXFileReference; includeInIndex = 1; lastKnownFileType = text.xcconfig; name = "Pods-MyEmployees.debug.xcconfig"; path = "Target Support Files/Pods-MyEmployees/Pods-MyEmployees.debug.xcconfig"; sourceTree = "<group>"; };
		825D9DAAB71193EC655C00B6 /* Pods-MyEmployeesTests.release.xcconfig */ = {isa = PBXFileReference; includeInIndex = 1; lastKnownFileType = text.xcconfig; name = "Pods-MyEmployeesTests.release.xcconfig"; path = "Target Support Files/Pods-MyEmployeesTests/Pods-MyEmployeesTests.release.xcconfig"; sourceTree = "<group>"; };
		B028042A250126CB0011E5B2 /* UIBarButtonItemExtensions.swift */ = {isa = PBXFileReference; lastKnownFileType = sourcecode.swift; path = UIBarButtonItemExtensions.swift; sourceTree = "<group>"; };
		B028042C250127FF0011E5B2 /* EmployeeDao.swift */ = {isa = PBXFileReference; lastKnownFileType = sourcecode.swift; path = EmployeeDao.swift; sourceTree = "<group>"; };
		B0368B2A24F4DEDD00FBD07A /* FileHelper.swift */ = {isa = PBXFileReference; lastKnownFileType = sourcecode.swift; path = FileHelper.swift; sourceTree = "<group>"; };
		B0454D2C24FE76AD00BCB557 /* SplashscreenView.swift */ = {isa = PBXFileReference; lastKnownFileType = sourcecode.swift; path = SplashscreenView.swift; sourceTree = "<group>"; };
		B0454D2E24FE79E900BCB557 /* SplashscreenView.xib */ = {isa = PBXFileReference; lastKnownFileType = file.xib; path = SplashscreenView.xib; sourceTree = "<group>"; };
		B0454D3824FE8E7500BCB557 /* LoginView.xib */ = {isa = PBXFileReference; lastKnownFileType = file.xib; path = LoginView.xib; sourceTree = "<group>"; };
		B0454D3A24FE8E9200BCB557 /* LoginView.swift */ = {isa = PBXFileReference; lastKnownFileType = sourcecode.swift; path = LoginView.swift; sourceTree = "<group>"; };
		B0454D3D24FEA4B100BCB557 /* CompanyView.swift */ = {isa = PBXFileReference; lastKnownFileType = sourcecode.swift; path = CompanyView.swift; sourceTree = "<group>"; };
		B0454D3F24FEA4BC00BCB557 /* CompanyView.xib */ = {isa = PBXFileReference; lastKnownFileType = file.xib; path = CompanyView.xib; sourceTree = "<group>"; };
		B063789324F7B9B4001BE75A /* EmployeeListController.swift */ = {isa = PBXFileReference; lastKnownFileType = sourcecode.swift; path = EmployeeListController.swift; sourceTree = "<group>"; };
		B082B2E524F3E9C5005A1771 /* Strings.swift */ = {isa = PBXFileReference; lastKnownFileType = sourcecode.swift; path = Strings.swift; sourceTree = "<group>"; };
		B08BBF4124EF79FD00835AF0 /* MyEmployees.app */ = {isa = PBXFileReference; explicitFileType = wrapper.application; includeInIndex = 0; path = MyEmployees.app; sourceTree = BUILT_PRODUCTS_DIR; };
		B08BBF4424EF79FD00835AF0 /* AppDelegate.swift */ = {isa = PBXFileReference; lastKnownFileType = sourcecode.swift; path = AppDelegate.swift; sourceTree = "<group>"; };
		B08BBF4624EF79FD00835AF0 /* SceneDelegate.swift */ = {isa = PBXFileReference; lastKnownFileType = sourcecode.swift; path = SceneDelegate.swift; sourceTree = "<group>"; };
		B08BBF4824EF79FD00835AF0 /* WelcomeScreenController.swift */ = {isa = PBXFileReference; lastKnownFileType = sourcecode.swift; path = WelcomeScreenController.swift; sourceTree = "<group>"; };
		B08BBF4B24EF79FD00835AF0 /* Base */ = {isa = PBXFileReference; lastKnownFileType = file.storyboard; name = Base; path = Base.lproj/Main.storyboard; sourceTree = "<group>"; };
		B08BBF4D24EF7A0100835AF0 /* Assets.xcassets */ = {isa = PBXFileReference; lastKnownFileType = folder.assetcatalog; path = Assets.xcassets; sourceTree = "<group>"; };
		B08BBF5024EF7A0100835AF0 /* Base */ = {isa = PBXFileReference; lastKnownFileType = file.storyboard; name = Base; path = Base.lproj/LaunchScreen.storyboard; sourceTree = "<group>"; };
		B08BBF5224EF7A0100835AF0 /* Info.plist */ = {isa = PBXFileReference; lastKnownFileType = text.plist.xml; path = Info.plist; sourceTree = "<group>"; };
		B08BBF5724EF7A0200835AF0 /* MyEmployeesTests.xctest */ = {isa = PBXFileReference; explicitFileType = wrapper.cfbundle; includeInIndex = 0; path = MyEmployeesTests.xctest; sourceTree = BUILT_PRODUCTS_DIR; };
		B08BBF5B24EF7A0200835AF0 /* MyEmployeesTests.swift */ = {isa = PBXFileReference; lastKnownFileType = sourcecode.swift; path = MyEmployeesTests.swift; sourceTree = "<group>"; };
		B08BBF5D24EF7A0200835AF0 /* Info.plist */ = {isa = PBXFileReference; lastKnownFileType = text.plist.xml; path = Info.plist; sourceTree = "<group>"; };
		B08BBF6224EF7A0200835AF0 /* MyEmployeesUITests.xctest */ = {isa = PBXFileReference; explicitFileType = wrapper.cfbundle; includeInIndex = 0; path = MyEmployeesUITests.xctest; sourceTree = BUILT_PRODUCTS_DIR; };
		B08BBF6624EF7A0200835AF0 /* MyEmployeesUITests.swift */ = {isa = PBXFileReference; lastKnownFileType = sourcecode.swift; path = MyEmployeesUITests.swift; sourceTree = "<group>"; };
		B08BBF6824EF7A0200835AF0 /* Info.plist */ = {isa = PBXFileReference; lastKnownFileType = text.plist.xml; path = Info.plist; sourceTree = "<group>"; };
		B08BBF7724EF7D9F00835AF0 /* SplashscreenController.swift */ = {isa = PBXFileReference; lastKnownFileType = sourcecode.swift; path = SplashscreenController.swift; sourceTree = "<group>"; };
		B08BBF8024EF804500835AF0 /* LoginController.swift */ = {isa = PBXFileReference; lastKnownFileType = sourcecode.swift; path = LoginController.swift; sourceTree = "<group>"; };
		B08BBF8724EFAEFA00835AF0 /* CompanyRegistrationController.swift */ = {isa = PBXFileReference; lastKnownFileType = sourcecode.swift; path = CompanyRegistrationController.swift; sourceTree = "<group>"; };
		B08BBF8C24EFB02B00835AF0 /* DatabaseHelper.swift */ = {isa = PBXFileReference; lastKnownFileType = sourcecode.swift; path = DatabaseHelper.swift; sourceTree = "<group>"; };
		B095798824FB95D000DE63D3 /* Company.swift */ = {isa = PBXFileReference; fileEncoding = 4; lastKnownFileType = sourcecode.swift; path = Company.swift; sourceTree = "<group>"; };
		B095798A24FBA0FF00DE63D3 /* LoginService.swift */ = {isa = PBXFileReference; lastKnownFileType = sourcecode.swift; path = LoginService.swift; sourceTree = "<group>"; };
		B095798C24FBA5E000DE63D3 /* CompanyRegistrationService.swift */ = {isa = PBXFileReference; lastKnownFileType = sourcecode.swift; path = CompanyRegistrationService.swift; sourceTree = "<group>"; };
		B0978B6025009CE000FC0C53 /* Employee.swift */ = {isa = PBXFileReference; lastKnownFileType = sourcecode.swift; path = Employee.swift; sourceTree = "<group>"; };
		B0978B6325009E0F00FC0C53 /* CompanyDao.swift */ = {isa = PBXFileReference; lastKnownFileType = sourcecode.swift; path = CompanyDao.swift; sourceTree = "<group>"; };
		B0BB09F224FF1D480083D676 /* UIProgressViewExtensions.swift */ = {isa = PBXFileReference; lastKnownFileType = sourcecode.swift; path = UIProgressViewExtensions.swift; sourceTree = "<group>"; };
		B0BB09F424FF1D770083D676 /* UIViewControllerExtensions.swift */ = {isa = PBXFileReference; lastKnownFileType = sourcecode.swift; path = UIViewControllerExtensions.swift; sourceTree = "<group>"; };
		B0BB09F624FF1DA30083D676 /* UITextViewExtensions.swift */ = {isa = PBXFileReference; lastKnownFileType = sourcecode.swift; path = UITextViewExtensions.swift; sourceTree = "<group>"; };
		B0BB09F824FF1DC20083D676 /* UITextFieldExtensions.swift */ = {isa = PBXFileReference; lastKnownFileType = sourcecode.swift; path = UITextFieldExtensions.swift; sourceTree = "<group>"; };
		B0BB09FA24FF1DDA0083D676 /* UIImageExtensions.swift */ = {isa = PBXFileReference; lastKnownFileType = sourcecode.swift; path = UIImageExtensions.swift; sourceTree = "<group>"; };
		B0BB09FC24FF1E160083D676 /* DataExtensions.swift */ = {isa = PBXFileReference; lastKnownFileType = sourcecode.swift; path = DataExtensions.swift; sourceTree = "<group>"; };
		B0BB09FE24FF1E300083D676 /* StringExtensions.swift */ = {isa = PBXFileReference; lastKnownFileType = sourcecode.swift; path = StringExtensions.swift; sourceTree = "<group>"; };
		B0BB0A0024FF1E4C0083D676 /* UserDefaultsExtensions.swift */ = {isa = PBXFileReference; lastKnownFileType = sourcecode.swift; path = UserDefaultsExtensions.swift; sourceTree = "<group>"; };
		B0C574CD24FF9169003612E7 /* CompanyUpdateController.swift */ = {isa = PBXFileReference; lastKnownFileType = sourcecode.swift; path = CompanyUpdateController.swift; sourceTree = "<group>"; };
		B0C574D024FFC710003612E7 /* EmployeeListView.swift */ = {isa = PBXFileReference; lastKnownFileType = sourcecode.swift; path = EmployeeListView.swift; sourceTree = "<group>"; };
		B0C574D224FFC74D003612E7 /* EmployeeListView.xib */ = {isa = PBXFileReference; lastKnownFileType = file.xib; path = EmployeeListView.xib; sourceTree = "<group>"; };
		B0C574D524FFCE79003612E7 /* EmployeeCell.swift */ = {isa = PBXFileReference; lastKnownFileType = sourcecode.swift; path = EmployeeCell.swift; sourceTree = "<group>"; };
		B0C574D624FFCE79003612E7 /* EmployeeCell.xib */ = {isa = PBXFileReference; lastKnownFileType = file.xib; path = EmployeeCell.xib; sourceTree = "<group>"; };
		B0C574DB24FFE2CD003612E7 /* EmployeeFilterView.swift */ = {isa = PBXFileReference; lastKnownFileType = sourcecode.swift; path = EmployeeFilterView.swift; sourceTree = "<group>"; };
		B0C574DD24FFE319003612E7 /* EmployeeFilterView.xib */ = {isa = PBXFileReference; lastKnownFileType = file.xib; path = EmployeeFilterView.xib; sourceTree = "<group>"; };
		B0C574E024FFE77B003612E7 /* EmployeeFilterController.swift */ = {isa = PBXFileReference; lastKnownFileType = sourcecode.swift; path = EmployeeFilterController.swift; sourceTree = "<group>"; };
		B0C574E224FFEF46003612E7 /* EmployeeFormView.swift */ = {isa = PBXFileReference; lastKnownFileType = sourcecode.swift; path = EmployeeFormView.swift; sourceTree = "<group>"; };
		B0C574E524FFEF68003612E7 /* EmployeeFormView.xib */ = {isa = PBXFileReference; lastKnownFileType = file.xib; path = EmployeeFormView.xib; sourceTree = "<group>"; };
		B0C574E824FFEFED003612E7 /* EmployeeFormController.swift */ = {isa = PBXFileReference; lastKnownFileType = sourcecode.swift; path = EmployeeFormController.swift; sourceTree = "<group>"; };
		B0C576512501101E0027B526 /* EmployeePosition.swift */ = {isa = PBXFileReference; lastKnownFileType = sourcecode.swift; path = EmployeePosition.swift; sourceTree = "<group>"; };
		D50EFD71B2E47E298D3C7A35 /* Pods-MyEmployeesTests.debug.xcconfig */ = {isa = PBXFileReference; includeInIndex = 1; lastKnownFileType = text.xcconfig; name = "Pods-MyEmployeesTests.debug.xcconfig"; path = "Target Support Files/Pods-MyEmployeesTests/Pods-MyEmployeesTests.debug.xcconfig"; sourceTree = "<group>"; };
		D9D11D3D6CDF70C66F7D885A /* Pods_MyEmployeesTests.framework */ = {isa = PBXFileReference; explicitFileType = wrapper.framework; includeInIndex = 0; path = Pods_MyEmployeesTests.framework; sourceTree = BUILT_PRODUCTS_DIR; };
		EC81B5BEB11263996888ED78 /* Pods-MyEmployees-MyEmployeesUITests.release.xcconfig */ = {isa = PBXFileReference; includeInIndex = 1; lastKnownFileType = text.xcconfig; name = "Pods-MyEmployees-MyEmployeesUITests.release.xcconfig"; path = "Target Support Files/Pods-MyEmployees-MyEmployeesUITests/Pods-MyEmployees-MyEmployeesUITests.release.xcconfig"; sourceTree = "<group>"; };
/* End PBXFileReference section */

/* Begin PBXFrameworksBuildPhase section */
		B08BBF3E24EF79FD00835AF0 /* Frameworks */ = {
			isa = PBXFrameworksBuildPhase;
			buildActionMask = 2147483647;
			files = (
				8BB69556CF34C31DE894205D /* Pods_MyEmployees.framework in Frameworks */,
			);
			runOnlyForDeploymentPostprocessing = 0;
		};
		B08BBF5424EF7A0200835AF0 /* Frameworks */ = {
			isa = PBXFrameworksBuildPhase;
			buildActionMask = 2147483647;
			files = (
				100D6A9869D469367F497A92 /* Pods_MyEmployeesTests.framework in Frameworks */,
			);
			runOnlyForDeploymentPostprocessing = 0;
		};
		B08BBF5F24EF7A0200835AF0 /* Frameworks */ = {
			isa = PBXFrameworksBuildPhase;
			buildActionMask = 2147483647;
			files = (
				EBE348361A9E57C970788FC2 /* Pods_MyEmployees_MyEmployeesUITests.framework in Frameworks */,
			);
			runOnlyForDeploymentPostprocessing = 0;
		};
/* End PBXFrameworksBuildPhase section */

/* Begin PBXGroup section */
		2345CF57A9D6B55FD001AF1B /* Frameworks */ = {
			isa = PBXGroup;
			children = (
				4F11C8509120E234C8CEB0A6 /* Pods_MyEmployees.framework */,
				1818E642EF98D8BC4840183E /* Pods_MyEmployees_MyEmployeesUITests.framework */,
				D9D11D3D6CDF70C66F7D885A /* Pods_MyEmployeesTests.framework */,
			);
			name = Frameworks;
			sourceTree = "<group>";
		};
		B0454D2A24FE765200BCB557 /* Views */ = {
			isa = PBXGroup;
			children = (
				B0C574D924FFE1AF003612E7 /* Components */,
				B0978B5F2500754D00FC0C53 /* Pages */,
			);
			path = Views;
			sourceTree = "<group>";
		};
		B0454D2B24FE768800BCB557 /* Splashscreen */ = {
			isa = PBXGroup;
			children = (
				B0454D2C24FE76AD00BCB557 /* SplashscreenView.swift */,
				B0454D2E24FE79E900BCB557 /* SplashscreenView.xib */,
			);
			path = Splashscreen;
			sourceTree = "<group>";
		};
		B0454D3424FE8CF200BCB557 /* Application */ = {
			isa = PBXGroup;
			children = (
				B08BBF4424EF79FD00835AF0 /* AppDelegate.swift */,
				B08BBF4624EF79FD00835AF0 /* SceneDelegate.swift */,
			);
			path = Application;
			sourceTree = "<group>";
		};
		B0454D3524FE8D5B00BCB557 /* Interfaces */ = {
			isa = PBXGroup;
			children = (
				B08BBF4A24EF79FD00835AF0 /* Main.storyboard */,
				B08BBF4F24EF7A0100835AF0 /* LaunchScreen.storyboard */,
			);
			path = Interfaces;
			sourceTree = "<group>";
		};
		B0454D3624FE8DA200BCB557 /* Welcome Screen */ = {
			isa = PBXGroup;
			children = (
				B08BBF4824EF79FD00835AF0 /* WelcomeScreenController.swift */,
			);
			path = "Welcome Screen";
			sourceTree = "<group>";
		};
		B0454D3724FE8E5800BCB557 /* Login */ = {
			isa = PBXGroup;
			children = (
				B0454D3824FE8E7500BCB557 /* LoginView.xib */,
				B0454D3A24FE8E9200BCB557 /* LoginView.swift */,
			);
			path = Login;
			sourceTree = "<group>";
		};
		B0454D3C24FEA49300BCB557 /* Company Form */ = {
			isa = PBXGroup;
			children = (
				B0454D3D24FEA4B100BCB557 /* CompanyView.swift */,
				B0454D3F24FEA4BC00BCB557 /* CompanyView.xib */,
			);
			path = "Company Form";
			sourceTree = "<group>";
		};
		B063789124F7B67C001BE75A /* Controllers */ = {
			isa = PBXGroup;
			children = (
				B0454D3624FE8DA200BCB557 /* Welcome Screen */,
				B08BBF8424EF9A3C00835AF0 /* Login */,
				B08BBF8624EFAED700835AF0 /* Company Registration */,
				B08BBF7624EF7D6A00835AF0 /* Splashscreen */,
				B0C574CC24FF9123003612E7 /* Company Update */,
				B063789224F7B980001BE75A /* Employee List */,
				B0C574DF24FFE74E003612E7 /* Employee Filter */,
				B0C574E724FFEFC7003612E7 /* Employee Form */,
			);
			path = Controllers;
			sourceTree = "<group>";
		};
		B063789224F7B980001BE75A /* Employee List */ = {
			isa = PBXGroup;
			children = (
				B063789324F7B9B4001BE75A /* EmployeeListController.swift */,
			);
			path = "Employee List";
			sourceTree = "<group>";
		};
		B082B2E424F3E9AF005A1771 /* Constants */ = {
			isa = PBXGroup;
			children = (
				B082B2E524F3E9C5005A1771 /* Strings.swift */,
			);
			path = Constants;
			sourceTree = "<group>";
		};
		B08BBF3824EF79FD00835AF0 = {
			isa = PBXGroup;
			children = (
				B08BBF4324EF79FD00835AF0 /* MyEmployees */,
				B08BBF5A24EF7A0200835AF0 /* MyEmployeesTests */,
				B08BBF6524EF7A0200835AF0 /* MyEmployeesUITests */,
				B08BBF4224EF79FD00835AF0 /* Products */,
				B4BB1B9634591D1FCF0AA0C1 /* Pods */,
				2345CF57A9D6B55FD001AF1B /* Frameworks */,
			);
			sourceTree = "<group>";
		};
		B08BBF4224EF79FD00835AF0 /* Products */ = {
			isa = PBXGroup;
			children = (
				B08BBF4124EF79FD00835AF0 /* MyEmployees.app */,
				B08BBF5724EF7A0200835AF0 /* MyEmployeesTests.xctest */,
				B08BBF6224EF7A0200835AF0 /* MyEmployeesUITests.xctest */,
			);
			name = Products;
			sourceTree = "<group>";
		};
		B08BBF4324EF79FD00835AF0 /* MyEmployees */ = {
			isa = PBXGroup;
			children = (
				B0454D3524FE8D5B00BCB557 /* Interfaces */,
				B095798724FB95BD00DE63D3 /* Models */,
				B0454D2A24FE765200BCB557 /* Views */,
				B0978B6225009DA600FC0C53 /* Data Access */,
				B063789124F7B67C001BE75A /* Controllers */,
				B08BBF8B24EFB01500835AF0 /* Helpers */,
				B0BB09F124FF1D2C0083D676 /* Library Extensions */,
				B082B2E424F3E9AF005A1771 /* Constants */,
				B0454D3424FE8CF200BCB557 /* Application */,
				B08BBF4D24EF7A0100835AF0 /* Assets.xcassets */,
				B08BBF5224EF7A0100835AF0 /* Info.plist */,
			);
			path = MyEmployees;
			sourceTree = "<group>";
		};
		B08BBF5A24EF7A0200835AF0 /* MyEmployeesTests */ = {
			isa = PBXGroup;
			children = (
				B08BBF5B24EF7A0200835AF0 /* MyEmployeesTests.swift */,
				B08BBF5D24EF7A0200835AF0 /* Info.plist */,
			);
			path = MyEmployeesTests;
			sourceTree = "<group>";
		};
		B08BBF6524EF7A0200835AF0 /* MyEmployeesUITests */ = {
			isa = PBXGroup;
			children = (
				B08BBF6624EF7A0200835AF0 /* MyEmployeesUITests.swift */,
				B08BBF6824EF7A0200835AF0 /* Info.plist */,
			);
			path = MyEmployeesUITests;
			sourceTree = "<group>";
		};
		B08BBF7624EF7D6A00835AF0 /* Splashscreen */ = {
			isa = PBXGroup;
			children = (
				B08BBF7724EF7D9F00835AF0 /* SplashscreenController.swift */,
			);
			path = Splashscreen;
			sourceTree = "<group>";
		};
		B08BBF8424EF9A3C00835AF0 /* Login */ = {
			isa = PBXGroup;
			children = (
				B08BBF8024EF804500835AF0 /* LoginController.swift */,
				B095798A24FBA0FF00DE63D3 /* LoginService.swift */,
			);
			path = Login;
			sourceTree = "<group>";
		};
		B08BBF8624EFAED700835AF0 /* Company Registration */ = {
			isa = PBXGroup;
			children = (
				B08BBF8724EFAEFA00835AF0 /* CompanyRegistrationController.swift */,
				B095798C24FBA5E000DE63D3 /* CompanyRegistrationService.swift */,
			);
			path = "Company Registration";
			sourceTree = "<group>";
		};
		B08BBF8B24EFB01500835AF0 /* Helpers */ = {
			isa = PBXGroup;
			children = (
				B08BBF8C24EFB02B00835AF0 /* DatabaseHelper.swift */,
				B0368B2A24F4DEDD00FBD07A /* FileHelper.swift */,
			);
			path = Helpers;
			sourceTree = "<group>";
		};
		B095798724FB95BD00DE63D3 /* Models */ = {
			isa = PBXGroup;
			children = (
				B095798824FB95D000DE63D3 /* Company.swift */,
				B0978B6025009CE000FC0C53 /* Employee.swift */,
				B0C576512501101E0027B526 /* EmployeePosition.swift */,
			);
			path = Models;
			sourceTree = "<group>";
		};
		B0978B5F2500754D00FC0C53 /* Pages */ = {
			isa = PBXGroup;
			children = (
				B0454D2B24FE768800BCB557 /* Splashscreen */,
				B0454D3724FE8E5800BCB557 /* Login */,
				B0454D3C24FEA49300BCB557 /* Company Form */,
				B0C574CF24FFC6E7003612E7 /* Employee List */,
				B0C574DA24FFE1BE003612E7 /* Employee Filter */,
				B0C574E424FFEF4E003612E7 /* Employee Form */,
			);
			path = Pages;
			sourceTree = "<group>";
		};
		B0978B6225009DA600FC0C53 /* Data Access */ = {
			isa = PBXGroup;
			children = (
				B0978B6325009E0F00FC0C53 /* CompanyDao.swift */,
				B028042C250127FF0011E5B2 /* EmployeeDao.swift */,
			);
			path = "Data Access";
			sourceTree = "<group>";
		};
		B0BB09F124FF1D2C0083D676 /* Library Extensions */ = {
			isa = PBXGroup;
			children = (
				B0BB09F224FF1D480083D676 /* UIProgressViewExtensions.swift */,
				B0BB09F424FF1D770083D676 /* UIViewControllerExtensions.swift */,
				B0BB09F624FF1DA30083D676 /* UITextViewExtensions.swift */,
				B0BB09F824FF1DC20083D676 /* UITextFieldExtensions.swift */,
				B0BB09FA24FF1DDA0083D676 /* UIImageExtensions.swift */,
				B0BB09FC24FF1E160083D676 /* DataExtensions.swift */,
				B0BB09FE24FF1E300083D676 /* StringExtensions.swift */,
				B0BB0A0024FF1E4C0083D676 /* UserDefaultsExtensions.swift */,
				B028042A250126CB0011E5B2 /* UIBarButtonItemExtensions.swift */,
			);
			path = "Library Extensions";
			sourceTree = "<group>";
		};
		B0C574CC24FF9123003612E7 /* Company Update */ = {
			isa = PBXGroup;
			children = (
				B0C574CD24FF9169003612E7 /* CompanyUpdateController.swift */,
			);
			path = "Company Update";
			sourceTree = "<group>";
		};
		B0C574CF24FFC6E7003612E7 /* Employee List */ = {
			isa = PBXGroup;
			children = (
				B0C574D024FFC710003612E7 /* EmployeeListView.swift */,
				B0C574D224FFC74D003612E7 /* EmployeeListView.xib */,
			);
			path = "Employee List";
			sourceTree = "<group>";
		};
		B0C574D424FFCE59003612E7 /* Employee Cell */ = {
			isa = PBXGroup;
			children = (
				B0C574D524FFCE79003612E7 /* EmployeeCell.swift */,
				B0C574D624FFCE79003612E7 /* EmployeeCell.xib */,
			);
			path = "Employee Cell";
			sourceTree = "<group>";
		};
		B0C574D924FFE1AF003612E7 /* Components */ = {
			isa = PBXGroup;
			children = (
				B0C574D424FFCE59003612E7 /* Employee Cell */,
			);
			path = Components;
			sourceTree = "<group>";
		};
		B0C574DA24FFE1BE003612E7 /* Employee Filter */ = {
			isa = PBXGroup;
			children = (
				B0C574DB24FFE2CD003612E7 /* EmployeeFilterView.swift */,
				B0C574DD24FFE319003612E7 /* EmployeeFilterView.xib */,
			);
			path = "Employee Filter";
			sourceTree = "<group>";
		};
		B0C574DF24FFE74E003612E7 /* Employee Filter */ = {
			isa = PBXGroup;
			children = (
				B0C574E024FFE77B003612E7 /* EmployeeFilterController.swift */,
			);
			path = "Employee Filter";
			sourceTree = "<group>";
		};
		B0C574E424FFEF4E003612E7 /* Employee Form */ = {
			isa = PBXGroup;
			children = (
				B0C574E224FFEF46003612E7 /* EmployeeFormView.swift */,
				B0C574E524FFEF68003612E7 /* EmployeeFormView.xib */,
			);
			path = "Employee Form";
			sourceTree = "<group>";
		};
		B0C574E724FFEFC7003612E7 /* Employee Form */ = {
			isa = PBXGroup;
			children = (
				B0C574E824FFEFED003612E7 /* EmployeeFormController.swift */,
			);
			path = "Employee Form";
			sourceTree = "<group>";
		};
		B4BB1B9634591D1FCF0AA0C1 /* Pods */ = {
			isa = PBXGroup;
			children = (
				718B4696E8B6C3D3B3B488E5 /* Pods-MyEmployees.debug.xcconfig */,
				4AAE5CC7E3B0791801A977FF /* Pods-MyEmployees.release.xcconfig */,
				60BC5534A3161889F4D3EBCE /* Pods-MyEmployees-MyEmployeesUITests.debug.xcconfig */,
				EC81B5BEB11263996888ED78 /* Pods-MyEmployees-MyEmployeesUITests.release.xcconfig */,
				D50EFD71B2E47E298D3C7A35 /* Pods-MyEmployeesTests.debug.xcconfig */,
				825D9DAAB71193EC655C00B6 /* Pods-MyEmployeesTests.release.xcconfig */,
			);
			path = Pods;
			sourceTree = "<group>";
		};
/* End PBXGroup section */

/* Begin PBXNativeTarget section */
		B08BBF4024EF79FD00835AF0 /* MyEmployees */ = {
			isa = PBXNativeTarget;
			buildConfigurationList = B08BBF6B24EF7A0200835AF0 /* Build configuration list for PBXNativeTarget "MyEmployees" */;
			buildPhases = (
				21DC7D1C1836EF419F57CCFE /* [CP] Check Pods Manifest.lock */,
				B08BBF3D24EF79FD00835AF0 /* Sources */,
				B08BBF3E24EF79FD00835AF0 /* Frameworks */,
				B08BBF3F24EF79FD00835AF0 /* Resources */,
				50B06D9204EF4DA6A6C03D2A /* [CP] Embed Pods Frameworks */,
			);
			buildRules = (
			);
			dependencies = (
			);
			name = MyEmployees;
			productName = MyEmployees;
			productReference = B08BBF4124EF79FD00835AF0 /* MyEmployees.app */;
			productType = "com.apple.product-type.application";
		};
		B08BBF5624EF7A0200835AF0 /* MyEmployeesTests */ = {
			isa = PBXNativeTarget;
			buildConfigurationList = B08BBF6E24EF7A0200835AF0 /* Build configuration list for PBXNativeTarget "MyEmployeesTests" */;
			buildPhases = (
				7CE3A6F89AF51AF74CBCEDC4 /* [CP] Check Pods Manifest.lock */,
				B08BBF5324EF7A0200835AF0 /* Sources */,
				B08BBF5424EF7A0200835AF0 /* Frameworks */,
				B08BBF5524EF7A0200835AF0 /* Resources */,
			);
			buildRules = (
			);
			dependencies = (
				B08BBF5924EF7A0200835AF0 /* PBXTargetDependency */,
			);
			name = MyEmployeesTests;
			productName = MyEmployeesTests;
			productReference = B08BBF5724EF7A0200835AF0 /* MyEmployeesTests.xctest */;
			productType = "com.apple.product-type.bundle.unit-test";
		};
		B08BBF6124EF7A0200835AF0 /* MyEmployeesUITests */ = {
			isa = PBXNativeTarget;
			buildConfigurationList = B08BBF7124EF7A0200835AF0 /* Build configuration list for PBXNativeTarget "MyEmployeesUITests" */;
			buildPhases = (
				0D55B5F8F57FF0B36AF1B73C /* [CP] Check Pods Manifest.lock */,
				B08BBF5E24EF7A0200835AF0 /* Sources */,
				B08BBF5F24EF7A0200835AF0 /* Frameworks */,
				B08BBF6024EF7A0200835AF0 /* Resources */,
				02519DF67B0954339690C602 /* [CP] Embed Pods Frameworks */,
			);
			buildRules = (
			);
			dependencies = (
				B08BBF6424EF7A0200835AF0 /* PBXTargetDependency */,
			);
			name = MyEmployeesUITests;
			productName = MyEmployeesUITests;
			productReference = B08BBF6224EF7A0200835AF0 /* MyEmployeesUITests.xctest */;
			productType = "com.apple.product-type.bundle.ui-testing";
		};
/* End PBXNativeTarget section */

/* Begin PBXProject section */
		B08BBF3924EF79FD00835AF0 /* Project object */ = {
			isa = PBXProject;
			attributes = {
				LastSwiftUpdateCheck = 1160;
				LastUpgradeCheck = 1160;
				ORGANIZATIONNAME = escience;
				TargetAttributes = {
					B08BBF4024EF79FD00835AF0 = {
						CreatedOnToolsVersion = 11.6;
					};
					B08BBF5624EF7A0200835AF0 = {
						CreatedOnToolsVersion = 11.6;
						TestTargetID = B08BBF4024EF79FD00835AF0;
					};
					B08BBF6124EF7A0200835AF0 = {
						CreatedOnToolsVersion = 11.6;
						TestTargetID = B08BBF4024EF79FD00835AF0;
					};
				};
			};
			buildConfigurationList = B08BBF3C24EF79FD00835AF0 /* Build configuration list for PBXProject "MyEmployees" */;
			compatibilityVersion = "Xcode 9.3";
			developmentRegion = en;
			hasScannedForEncodings = 0;
			knownRegions = (
				en,
				Base,
			);
			mainGroup = B08BBF3824EF79FD00835AF0;
			productRefGroup = B08BBF4224EF79FD00835AF0 /* Products */;
			projectDirPath = "";
			projectRoot = "";
			targets = (
				B08BBF4024EF79FD00835AF0 /* MyEmployees */,
				B08BBF5624EF7A0200835AF0 /* MyEmployeesTests */,
				B08BBF6124EF7A0200835AF0 /* MyEmployeesUITests */,
			);
		};
/* End PBXProject section */

/* Begin PBXResourcesBuildPhase section */
		B08BBF3F24EF79FD00835AF0 /* Resources */ = {
			isa = PBXResourcesBuildPhase;
			buildActionMask = 2147483647;
			files = (
				B0C574E624FFEF68003612E7 /* EmployeeFormView.xib in Resources */,
				B0C574DE24FFE319003612E7 /* EmployeeFilterView.xib in Resources */,
				B08BBF5124EF7A0100835AF0 /* LaunchScreen.storyboard in Resources */,
				B08BBF4E24EF7A0100835AF0 /* Assets.xcassets in Resources */,
				B08BBF4C24EF79FD00835AF0 /* Main.storyboard in Resources */,
				B0454D3924FE8E7500BCB557 /* LoginView.xib in Resources */,
				B0C574D324FFC74D003612E7 /* EmployeeListView.xib in Resources */,
				B0454D4024FEA4BC00BCB557 /* CompanyView.xib in Resources */,
				B0454D2F24FE79E900BCB557 /* SplashscreenView.xib in Resources */,
				B0C574D824FFCE79003612E7 /* EmployeeCell.xib in Resources */,
			);
			runOnlyForDeploymentPostprocessing = 0;
		};
		B08BBF5524EF7A0200835AF0 /* Resources */ = {
			isa = PBXResourcesBuildPhase;
			buildActionMask = 2147483647;
			files = (
			);
			runOnlyForDeploymentPostprocessing = 0;
		};
		B08BBF6024EF7A0200835AF0 /* Resources */ = {
			isa = PBXResourcesBuildPhase;
			buildActionMask = 2147483647;
			files = (
			);
			runOnlyForDeploymentPostprocessing = 0;
		};
/* End PBXResourcesBuildPhase section */

/* Begin PBXShellScriptBuildPhase section */
		02519DF67B0954339690C602 /* [CP] Embed Pods Frameworks */ = {
			isa = PBXShellScriptBuildPhase;
			buildActionMask = 2147483647;
			files = (
			);
			inputFileListPaths = (
				"${PODS_ROOT}/Target Support Files/Pods-MyEmployees-MyEmployeesUITests/Pods-MyEmployees-MyEmployeesUITests-frameworks-${CONFIGURATION}-input-files.xcfilelist",
			);
			name = "[CP] Embed Pods Frameworks";
			outputFileListPaths = (
				"${PODS_ROOT}/Target Support Files/Pods-MyEmployees-MyEmployeesUITests/Pods-MyEmployees-MyEmployeesUITests-frameworks-${CONFIGURATION}-output-files.xcfilelist",
			);
			runOnlyForDeploymentPostprocessing = 0;
			shellPath = /bin/sh;
			shellScript = "\"${PODS_ROOT}/Target Support Files/Pods-MyEmployees-MyEmployeesUITests/Pods-MyEmployees-MyEmployeesUITests-frameworks.sh\"\n";
			showEnvVarsInLog = 0;
		};
		0D55B5F8F57FF0B36AF1B73C /* [CP] Check Pods Manifest.lock */ = {
			isa = PBXShellScriptBuildPhase;
			buildActionMask = 2147483647;
			files = (
			);
			inputFileListPaths = (
			);
			inputPaths = (
				"${PODS_PODFILE_DIR_PATH}/Podfile.lock",
				"${PODS_ROOT}/Manifest.lock",
			);
			name = "[CP] Check Pods Manifest.lock";
			outputFileListPaths = (
			);
			outputPaths = (
				"$(DERIVED_FILE_DIR)/Pods-MyEmployees-MyEmployeesUITests-checkManifestLockResult.txt",
			);
			runOnlyForDeploymentPostprocessing = 0;
			shellPath = /bin/sh;
			shellScript = "diff \"${PODS_PODFILE_DIR_PATH}/Podfile.lock\" \"${PODS_ROOT}/Manifest.lock\" > /dev/null\nif [ $? != 0 ] ; then\n    # print error to STDERR\n    echo \"error: The sandbox is not in sync with the Podfile.lock. Run 'pod install' or update your CocoaPods installation.\" >&2\n    exit 1\nfi\n# This output is used by Xcode 'outputs' to avoid re-running this script phase.\necho \"SUCCESS\" > \"${SCRIPT_OUTPUT_FILE_0}\"\n";
			showEnvVarsInLog = 0;
		};
		21DC7D1C1836EF419F57CCFE /* [CP] Check Pods Manifest.lock */ = {
			isa = PBXShellScriptBuildPhase;
			buildActionMask = 2147483647;
			files = (
			);
			inputFileListPaths = (
			);
			inputPaths = (
				"${PODS_PODFILE_DIR_PATH}/Podfile.lock",
				"${PODS_ROOT}/Manifest.lock",
			);
			name = "[CP] Check Pods Manifest.lock";
			outputFileListPaths = (
			);
			outputPaths = (
				"$(DERIVED_FILE_DIR)/Pods-MyEmployees-checkManifestLockResult.txt",
			);
			runOnlyForDeploymentPostprocessing = 0;
			shellPath = /bin/sh;
			shellScript = "diff \"${PODS_PODFILE_DIR_PATH}/Podfile.lock\" \"${PODS_ROOT}/Manifest.lock\" > /dev/null\nif [ $? != 0 ] ; then\n    # print error to STDERR\n    echo \"error: The sandbox is not in sync with the Podfile.lock. Run 'pod install' or update your CocoaPods installation.\" >&2\n    exit 1\nfi\n# This output is used by Xcode 'outputs' to avoid re-running this script phase.\necho \"SUCCESS\" > \"${SCRIPT_OUTPUT_FILE_0}\"\n";
			showEnvVarsInLog = 0;
		};
		50B06D9204EF4DA6A6C03D2A /* [CP] Embed Pods Frameworks */ = {
			isa = PBXShellScriptBuildPhase;
			buildActionMask = 2147483647;
			files = (
			);
			inputFileListPaths = (
				"${PODS_ROOT}/Target Support Files/Pods-MyEmployees/Pods-MyEmployees-frameworks-${CONFIGURATION}-input-files.xcfilelist",
			);
			name = "[CP] Embed Pods Frameworks";
			outputFileListPaths = (
				"${PODS_ROOT}/Target Support Files/Pods-MyEmployees/Pods-MyEmployees-frameworks-${CONFIGURATION}-output-files.xcfilelist",
			);
			runOnlyForDeploymentPostprocessing = 0;
			shellPath = /bin/sh;
			shellScript = "\"${PODS_ROOT}/Target Support Files/Pods-MyEmployees/Pods-MyEmployees-frameworks.sh\"\n";
			showEnvVarsInLog = 0;
		};
		7CE3A6F89AF51AF74CBCEDC4 /* [CP] Check Pods Manifest.lock */ = {
			isa = PBXShellScriptBuildPhase;
			buildActionMask = 2147483647;
			files = (
			);
			inputFileListPaths = (
			);
			inputPaths = (
				"${PODS_PODFILE_DIR_PATH}/Podfile.lock",
				"${PODS_ROOT}/Manifest.lock",
			);
			name = "[CP] Check Pods Manifest.lock";
			outputFileListPaths = (
			);
			outputPaths = (
				"$(DERIVED_FILE_DIR)/Pods-MyEmployeesTests-checkManifestLockResult.txt",
			);
			runOnlyForDeploymentPostprocessing = 0;
			shellPath = /bin/sh;
			shellScript = "diff \"${PODS_PODFILE_DIR_PATH}/Podfile.lock\" \"${PODS_ROOT}/Manifest.lock\" > /dev/null\nif [ $? != 0 ] ; then\n    # print error to STDERR\n    echo \"error: The sandbox is not in sync with the Podfile.lock. Run 'pod install' or update your CocoaPods installation.\" >&2\n    exit 1\nfi\n# This output is used by Xcode 'outputs' to avoid re-running this script phase.\necho \"SUCCESS\" > \"${SCRIPT_OUTPUT_FILE_0}\"\n";
			showEnvVarsInLog = 0;
		};
/* End PBXShellScriptBuildPhase section */

/* Begin PBXSourcesBuildPhase section */
		B08BBF3D24EF79FD00835AF0 /* Sources */ = {
			isa = PBXSourcesBuildPhase;
			buildActionMask = 2147483647;
			files = (
				B0C574E324FFEF46003612E7 /* EmployeeFormView.swift in Sources */,
				B0BB09F924FF1DC20083D676 /* UITextFieldExtensions.swift in Sources */,
				B08BBF4924EF79FD00835AF0 /* WelcomeScreenController.swift in Sources */,
				B0454D2D24FE76AD00BCB557 /* SplashscreenView.swift in Sources */,
				B028042B250126CB0011E5B2 /* UIBarButtonItemExtensions.swift in Sources */,
				B095798D24FBA5E000DE63D3 /* CompanyRegistrationService.swift in Sources */,
				B0C574D124FFC710003612E7 /* EmployeeListView.swift in Sources */,
				B082B2E624F3E9C5005A1771 /* Strings.swift in Sources */,
				B08BBF4524EF79FD00835AF0 /* AppDelegate.swift in Sources */,
				B0454D3E24FEA4B100BCB557 /* CompanyView.swift in Sources */,
				B0978B6125009CE000FC0C53 /* Employee.swift in Sources */,
				B0C576522501101E0027B526 /* EmployeePosition.swift in Sources */,
				B028042D250127FF0011E5B2 /* EmployeeDao.swift in Sources */,
				B063789524F7B9B4001BE75A /* EmployeeListController.swift in Sources */,
				B0C574D724FFCE79003612E7 /* EmployeeCell.swift in Sources */,
				B08BBF7924EF7D9F00835AF0 /* SplashscreenController.swift in Sources */,
				B0BB09F724FF1DA30083D676 /* UITextViewExtensions.swift in Sources */,
				B0C574DC24FFE2CD003612E7 /* EmployeeFilterView.swift in Sources */,
				B08BBF8D24EFB02B00835AF0 /* DatabaseHelper.swift in Sources */,
				B08BBF4724EF79FD00835AF0 /* SceneDelegate.swift in Sources */,
				B08BBF8924EFAEFA00835AF0 /* CompanyRegistrationController.swift in Sources */,
				B08BBF8224EF804500835AF0 /* LoginController.swift in Sources */,
				B0BB09F524FF1D770083D676 /* UIViewControllerExtensions.swift in Sources */,
				B0454D3B24FE8E9200BCB557 /* LoginView.swift in Sources */,
				B0C574CE24FF9169003612E7 /* CompanyUpdateController.swift in Sources */,
				B0BB09F324FF1D480083D676 /* UIProgressViewExtensions.swift in Sources */,
				B0BB09FB24FF1DDA0083D676 /* UIImageExtensions.swift in Sources */,
				B0BB09FD24FF1E160083D676 /* DataExtensions.swift in Sources */,
				B0BB09FF24FF1E300083D676 /* StringExtensions.swift in Sources */,
				B0BB0A0124FF1E4C0083D676 /* UserDefaultsExtensions.swift in Sources */,
				B0C574E124FFE77B003612E7 /* EmployeeFilterController.swift in Sources */,
				B095798924FB95D000DE63D3 /* Company.swift in Sources */,
				B0368B2B24F4DEDD00FBD07A /* FileHelper.swift in Sources */,
				B095798B24FBA0FF00DE63D3 /* LoginService.swift in Sources */,
				B0C574E924FFEFED003612E7 /* EmployeeFormController.swift in Sources */,
				B0978B6425009E0F00FC0C53 /* CompanyDao.swift in Sources */,
			);
			runOnlyForDeploymentPostprocessing = 0;
		};
		B08BBF5324EF7A0200835AF0 /* Sources */ = {
			isa = PBXSourcesBuildPhase;
			buildActionMask = 2147483647;
			files = (
				B08BBF5C24EF7A0200835AF0 /* MyEmployeesTests.swift in Sources */,
			);
			runOnlyForDeploymentPostprocessing = 0;
		};
		B08BBF5E24EF7A0200835AF0 /* Sources */ = {
			isa = PBXSourcesBuildPhase;
			buildActionMask = 2147483647;
			files = (
				B08BBF6724EF7A0200835AF0 /* MyEmployeesUITests.swift in Sources */,
			);
			runOnlyForDeploymentPostprocessing = 0;
		};
/* End PBXSourcesBuildPhase section */

/* Begin PBXTargetDependency section */
		B08BBF5924EF7A0200835AF0 /* PBXTargetDependency */ = {
			isa = PBXTargetDependency;
			target = B08BBF4024EF79FD00835AF0 /* MyEmployees */;
			targetProxy = B08BBF5824EF7A0200835AF0 /* PBXContainerItemProxy */;
		};
		B08BBF6424EF7A0200835AF0 /* PBXTargetDependency */ = {
			isa = PBXTargetDependency;
			target = B08BBF4024EF79FD00835AF0 /* MyEmployees */;
			targetProxy = B08BBF6324EF7A0200835AF0 /* PBXContainerItemProxy */;
		};
/* End PBXTargetDependency section */

/* Begin PBXVariantGroup section */
		B08BBF4A24EF79FD00835AF0 /* Main.storyboard */ = {
			isa = PBXVariantGroup;
			children = (
				B08BBF4B24EF79FD00835AF0 /* Base */,
			);
			name = Main.storyboard;
			sourceTree = "<group>";
		};
		B08BBF4F24EF7A0100835AF0 /* LaunchScreen.storyboard */ = {
			isa = PBXVariantGroup;
			children = (
				B08BBF5024EF7A0100835AF0 /* Base */,
			);
			name = LaunchScreen.storyboard;
			sourceTree = "<group>";
		};
/* End PBXVariantGroup section */

/* Begin XCBuildConfiguration section */
		B08BBF6924EF7A0200835AF0 /* Debug */ = {
			isa = XCBuildConfiguration;
			buildSettings = {
				ALWAYS_SEARCH_USER_PATHS = NO;
				CLANG_ANALYZER_NONNULL = YES;
				CLANG_ANALYZER_NUMBER_OBJECT_CONVERSION = YES_AGGRESSIVE;
				CLANG_CXX_LANGUAGE_STANDARD = "gnu++14";
				CLANG_CXX_LIBRARY = "libc++";
				CLANG_ENABLE_MODULES = YES;
				CLANG_ENABLE_OBJC_ARC = YES;
				CLANG_ENABLE_OBJC_WEAK = YES;
				CLANG_WARN_BLOCK_CAPTURE_AUTORELEASING = YES;
				CLANG_WARN_BOOL_CONVERSION = YES;
				CLANG_WARN_COMMA = YES;
				CLANG_WARN_CONSTANT_CONVERSION = YES;
				CLANG_WARN_DEPRECATED_OBJC_IMPLEMENTATIONS = YES;
				CLANG_WARN_DIRECT_OBJC_ISA_USAGE = YES_ERROR;
				CLANG_WARN_DOCUMENTATION_COMMENTS = YES;
				CLANG_WARN_EMPTY_BODY = YES;
				CLANG_WARN_ENUM_CONVERSION = YES;
				CLANG_WARN_INFINITE_RECURSION = YES;
				CLANG_WARN_INT_CONVERSION = YES;
				CLANG_WARN_NON_LITERAL_NULL_CONVERSION = YES;
				CLANG_WARN_OBJC_IMPLICIT_RETAIN_SELF = YES;
				CLANG_WARN_OBJC_LITERAL_CONVERSION = YES;
				CLANG_WARN_OBJC_ROOT_CLASS = YES_ERROR;
				CLANG_WARN_RANGE_LOOP_ANALYSIS = YES;
				CLANG_WARN_STRICT_PROTOTYPES = YES;
				CLANG_WARN_SUSPICIOUS_MOVE = YES;
				CLANG_WARN_UNGUARDED_AVAILABILITY = YES_AGGRESSIVE;
				CLANG_WARN_UNREACHABLE_CODE = YES;
				CLANG_WARN__DUPLICATE_METHOD_MATCH = YES;
				COPY_PHASE_STRIP = NO;
				DEBUG_INFORMATION_FORMAT = dwarf;
				ENABLE_STRICT_OBJC_MSGSEND = YES;
				ENABLE_TESTABILITY = YES;
				GCC_C_LANGUAGE_STANDARD = gnu11;
				GCC_DYNAMIC_NO_PIC = NO;
				GCC_NO_COMMON_BLOCKS = YES;
				GCC_OPTIMIZATION_LEVEL = 0;
				GCC_PREPROCESSOR_DEFINITIONS = (
					"DEBUG=1",
					"$(inherited)",
				);
				GCC_WARN_64_TO_32_BIT_CONVERSION = YES;
				GCC_WARN_ABOUT_RETURN_TYPE = YES_ERROR;
				GCC_WARN_UNDECLARED_SELECTOR = YES;
				GCC_WARN_UNINITIALIZED_AUTOS = YES_AGGRESSIVE;
				GCC_WARN_UNUSED_FUNCTION = YES;
				GCC_WARN_UNUSED_VARIABLE = YES;
				IPHONEOS_DEPLOYMENT_TARGET = 13.6;
				MTL_ENABLE_DEBUG_INFO = INCLUDE_SOURCE;
				MTL_FAST_MATH = YES;
				ONLY_ACTIVE_ARCH = YES;
				SDKROOT = iphoneos;
				SWIFT_ACTIVE_COMPILATION_CONDITIONS = DEBUG;
				SWIFT_OPTIMIZATION_LEVEL = "-Onone";
			};
			name = Debug;
		};
		B08BBF6A24EF7A0200835AF0 /* Release */ = {
			isa = XCBuildConfiguration;
			buildSettings = {
				ALWAYS_SEARCH_USER_PATHS = NO;
				CLANG_ANALYZER_NONNULL = YES;
				CLANG_ANALYZER_NUMBER_OBJECT_CONVERSION = YES_AGGRESSIVE;
				CLANG_CXX_LANGUAGE_STANDARD = "gnu++14";
				CLANG_CXX_LIBRARY = "libc++";
				CLANG_ENABLE_MODULES = YES;
				CLANG_ENABLE_OBJC_ARC = YES;
				CLANG_ENABLE_OBJC_WEAK = YES;
				CLANG_WARN_BLOCK_CAPTURE_AUTORELEASING = YES;
				CLANG_WARN_BOOL_CONVERSION = YES;
				CLANG_WARN_COMMA = YES;
				CLANG_WARN_CONSTANT_CONVERSION = YES;
				CLANG_WARN_DEPRECATED_OBJC_IMPLEMENTATIONS = YES;
				CLANG_WARN_DIRECT_OBJC_ISA_USAGE = YES_ERROR;
				CLANG_WARN_DOCUMENTATION_COMMENTS = YES;
				CLANG_WARN_EMPTY_BODY = YES;
				CLANG_WARN_ENUM_CONVERSION = YES;
				CLANG_WARN_INFINITE_RECURSION = YES;
				CLANG_WARN_INT_CONVERSION = YES;
				CLANG_WARN_NON_LITERAL_NULL_CONVERSION = YES;
				CLANG_WARN_OBJC_IMPLICIT_RETAIN_SELF = YES;
				CLANG_WARN_OBJC_LITERAL_CONVERSION = YES;
				CLANG_WARN_OBJC_ROOT_CLASS = YES_ERROR;
				CLANG_WARN_RANGE_LOOP_ANALYSIS = YES;
				CLANG_WARN_STRICT_PROTOTYPES = YES;
				CLANG_WARN_SUSPICIOUS_MOVE = YES;
				CLANG_WARN_UNGUARDED_AVAILABILITY = YES_AGGRESSIVE;
				CLANG_WARN_UNREACHABLE_CODE = YES;
				CLANG_WARN__DUPLICATE_METHOD_MATCH = YES;
				COPY_PHASE_STRIP = NO;
				DEBUG_INFORMATION_FORMAT = "dwarf-with-dsym";
				ENABLE_NS_ASSERTIONS = NO;
				ENABLE_STRICT_OBJC_MSGSEND = YES;
				GCC_C_LANGUAGE_STANDARD = gnu11;
				GCC_NO_COMMON_BLOCKS = YES;
				GCC_WARN_64_TO_32_BIT_CONVERSION = YES;
				GCC_WARN_ABOUT_RETURN_TYPE = YES_ERROR;
				GCC_WARN_UNDECLARED_SELECTOR = YES;
				GCC_WARN_UNINITIALIZED_AUTOS = YES_AGGRESSIVE;
				GCC_WARN_UNUSED_FUNCTION = YES;
				GCC_WARN_UNUSED_VARIABLE = YES;
				IPHONEOS_DEPLOYMENT_TARGET = 13.6;
				MTL_ENABLE_DEBUG_INFO = NO;
				MTL_FAST_MATH = YES;
				SDKROOT = iphoneos;
				SWIFT_COMPILATION_MODE = wholemodule;
				SWIFT_OPTIMIZATION_LEVEL = "-O";
				VALIDATE_PRODUCT = YES;
			};
			name = Release;
		};
		B08BBF6C24EF7A0200835AF0 /* Debug */ = {
			isa = XCBuildConfiguration;
			baseConfigurationReference = 718B4696E8B6C3D3B3B488E5 /* Pods-MyEmployees.debug.xcconfig */;
			buildSettings = {
				ASSETCATALOG_COMPILER_APPICON_NAME = AppIcon;
				CODE_SIGN_STYLE = Automatic;
				INFOPLIST_FILE = MyEmployees/Info.plist;
				LD_RUNPATH_SEARCH_PATHS = (
					"$(inherited)",
					"@executable_path/Frameworks",
				);
				PRODUCT_BUNDLE_IDENTIFIER = com.esc.MyEmployees;
				PRODUCT_NAME = "$(TARGET_NAME)";
				SWIFT_VERSION = 5.0;
				TARGETED_DEVICE_FAMILY = "1,2";
			};
			name = Debug;
		};
		B08BBF6D24EF7A0200835AF0 /* Release */ = {
			isa = XCBuildConfiguration;
			baseConfigurationReference = 4AAE5CC7E3B0791801A977FF /* Pods-MyEmployees.release.xcconfig */;
			buildSettings = {
				ASSETCATALOG_COMPILER_APPICON_NAME = AppIcon;
				CODE_SIGN_STYLE = Automatic;
				INFOPLIST_FILE = MyEmployees/Info.plist;
				LD_RUNPATH_SEARCH_PATHS = (
					"$(inherited)",
					"@executable_path/Frameworks",
				);
				PRODUCT_BUNDLE_IDENTIFIER = com.esc.MyEmployees;
				PRODUCT_NAME = "$(TARGET_NAME)";
				SWIFT_VERSION = 5.0;
				TARGETED_DEVICE_FAMILY = "1,2";
			};
			name = Release;
		};
		B08BBF6F24EF7A0200835AF0 /* Debug */ = {
			isa = XCBuildConfiguration;
			baseConfigurationReference = D50EFD71B2E47E298D3C7A35 /* Pods-MyEmployeesTests.debug.xcconfig */;
			buildSettings = {
				ALWAYS_EMBED_SWIFT_STANDARD_LIBRARIES = YES;
				BUNDLE_LOADER = "$(TEST_HOST)";
				CODE_SIGN_STYLE = Automatic;
				INFOPLIST_FILE = MyEmployeesTests/Info.plist;
				IPHONEOS_DEPLOYMENT_TARGET = 13.6;
				LD_RUNPATH_SEARCH_PATHS = (
					"$(inherited)",
					"@executable_path/Frameworks",
					"@loader_path/Frameworks",
				);
				PRODUCT_BUNDLE_IDENTIFIER = com.esc.MyEmployeesTests;
				PRODUCT_NAME = "$(TARGET_NAME)";
				SWIFT_VERSION = 5.0;
				TARGETED_DEVICE_FAMILY = "1,2";
				TEST_HOST = "$(BUILT_PRODUCTS_DIR)/MyEmployees.app/MyEmployees";
			};
			name = Debug;
		};
		B08BBF7024EF7A0200835AF0 /* Release */ = {
			isa = XCBuildConfiguration;
			baseConfigurationReference = 825D9DAAB71193EC655C00B6 /* Pods-MyEmployeesTests.release.xcconfig */;
			buildSettings = {
				ALWAYS_EMBED_SWIFT_STANDARD_LIBRARIES = YES;
				BUNDLE_LOADER = "$(TEST_HOST)";
				CODE_SIGN_STYLE = Automatic;
				INFOPLIST_FILE = MyEmployeesTests/Info.plist;
				IPHONEOS_DEPLOYMENT_TARGET = 13.6;
				LD_RUNPATH_SEARCH_PATHS = (
					"$(inherited)",
					"@executable_path/Frameworks",
					"@loader_path/Frameworks",
				);
				PRODUCT_BUNDLE_IDENTIFIER = com.esc.MyEmployeesTests;
				PRODUCT_NAME = "$(TARGET_NAME)";
				SWIFT_VERSION = 5.0;
				TARGETED_DEVICE_FAMILY = "1,2";
				TEST_HOST = "$(BUILT_PRODUCTS_DIR)/MyEmployees.app/MyEmployees";
			};
			name = Release;
		};
		B08BBF7224EF7A0200835AF0 /* Debug */ = {
			isa = XCBuildConfiguration;
			baseConfigurationReference = 60BC5534A3161889F4D3EBCE /* Pods-MyEmployees-MyEmployeesUITests.debug.xcconfig */;
			buildSettings = {
				ALWAYS_EMBED_SWIFT_STANDARD_LIBRARIES = YES;
				CODE_SIGN_STYLE = Automatic;
				INFOPLIST_FILE = MyEmployeesUITests/Info.plist;
				LD_RUNPATH_SEARCH_PATHS = (
					"$(inherited)",
					"@executable_path/Frameworks",
					"@loader_path/Frameworks",
				);
				PRODUCT_BUNDLE_IDENTIFIER = com.esc.MyEmployeesUITests;
				PRODUCT_NAME = "$(TARGET_NAME)";
				SWIFT_VERSION = 5.0;
				TARGETED_DEVICE_FAMILY = "1,2";
				TEST_TARGET_NAME = MyEmployees;
			};
			name = Debug;
		};
		B08BBF7324EF7A0200835AF0 /* Release */ = {
			isa = XCBuildConfiguration;
			baseConfigurationReference = EC81B5BEB11263996888ED78 /* Pods-MyEmployees-MyEmployeesUITests.release.xcconfig */;
			buildSettings = {
				ALWAYS_EMBED_SWIFT_STANDARD_LIBRARIES = YES;
				CODE_SIGN_STYLE = Automatic;
				INFOPLIST_FILE = MyEmployeesUITests/Info.plist;
				LD_RUNPATH_SEARCH_PATHS = (
					"$(inherited)",
					"@executable_path/Frameworks",
					"@loader_path/Frameworks",
				);
				PRODUCT_BUNDLE_IDENTIFIER = com.esc.MyEmployeesUITests;
				PRODUCT_NAME = "$(TARGET_NAME)";
				SWIFT_VERSION = 5.0;
				TARGETED_DEVICE_FAMILY = "1,2";
				TEST_TARGET_NAME = MyEmployees;
			};
			name = Release;
		};
/* End XCBuildConfiguration section */

/* Begin XCConfigurationList section */
		B08BBF3C24EF79FD00835AF0 /* Build configuration list for PBXProject "MyEmployees" */ = {
			isa = XCConfigurationList;
			buildConfigurations = (
				B08BBF6924EF7A0200835AF0 /* Debug */,
				B08BBF6A24EF7A0200835AF0 /* Release */,
			);
			defaultConfigurationIsVisible = 0;
			defaultConfigurationName = Release;
		};
		B08BBF6B24EF7A0200835AF0 /* Build configuration list for PBXNativeTarget "MyEmployees" */ = {
			isa = XCConfigurationList;
			buildConfigurations = (
				B08BBF6C24EF7A0200835AF0 /* Debug */,
				B08BBF6D24EF7A0200835AF0 /* Release */,
			);
			defaultConfigurationIsVisible = 0;
			defaultConfigurationName = Release;
		};
		B08BBF6E24EF7A0200835AF0 /* Build configuration list for PBXNativeTarget "MyEmployeesTests" */ = {
			isa = XCConfigurationList;
			buildConfigurations = (
				B08BBF6F24EF7A0200835AF0 /* Debug */,
				B08BBF7024EF7A0200835AF0 /* Release */,
			);
			defaultConfigurationIsVisible = 0;
			defaultConfigurationName = Release;
		};
		B08BBF7124EF7A0200835AF0 /* Build configuration list for PBXNativeTarget "MyEmployeesUITests" */ = {
			isa = XCConfigurationList;
			buildConfigurations = (
				B08BBF7224EF7A0200835AF0 /* Debug */,
				B08BBF7324EF7A0200835AF0 /* Release */,
			);
			defaultConfigurationIsVisible = 0;
			defaultConfigurationName = Release;
		};
/* End XCConfigurationList section */
	};
	rootObject = B08BBF3924EF79FD00835AF0 /* Project object */;
}
